// !$*UTF8*$!
{
	archiveVersion = 1;
	classes = {
	};
	objectVersion = 51;
	objects = {

/* Begin PBXBuildFile section */
		3028A75324CF9DC700D49CC5 /* ExploreViewController.swift in Sources */ = {isa = PBXBuildFile; fileRef = 3028A75224CF9DC700D49CC5 /* ExploreViewController.swift */; };
		3028A75524CF9DE500D49CC5 /* ProfileViewController.swift in Sources */ = {isa = PBXBuildFile; fileRef = 3028A75424CF9DE500D49CC5 /* ProfileViewController.swift */; };
		3035175624CA4D5800D8AB4A /* AppDelegate.swift in Sources */ = {isa = PBXBuildFile; fileRef = 3035175524CA4D5800D8AB4A /* AppDelegate.swift */; };
		3035175824CA4D5800D8AB4A /* SceneDelegate.swift in Sources */ = {isa = PBXBuildFile; fileRef = 3035175724CA4D5800D8AB4A /* SceneDelegate.swift */; };
		3035175A24CA4D5800D8AB4A /* MainViewController.swift in Sources */ = {isa = PBXBuildFile; fileRef = 3035175924CA4D5800D8AB4A /* MainViewController.swift */; };
		3035175D24CA4D5800D8AB4A /* Main.storyboard in Resources */ = {isa = PBXBuildFile; fileRef = 3035175B24CA4D5800D8AB4A /* Main.storyboard */; };
		3035176224CA4D5900D8AB4A /* LaunchScreen.storyboard in Resources */ = {isa = PBXBuildFile; fileRef = 3035176024CA4D5900D8AB4A /* LaunchScreen.storyboard */; };
		3035176A24CA694C00D8AB4A /* GoogleService-Info.plist in Resources */ = {isa = PBXBuildFile; fileRef = 3035176924CA694C00D8AB4A /* GoogleService-Info.plist */; };
		30403C6524CBF78900E089E9 /* SetupViewController.swift in Sources */ = {isa = PBXBuildFile; fileRef = 30403C6424CBF78900E089E9 /* SetupViewController.swift */; };
		305B9E1324CD694A00036E09 /* MenuViewController.swift in Sources */ = {isa = PBXBuildFile; fileRef = 305B9E1224CD694A00036E09 /* MenuViewController.swift */; };
		30A420B424CD605A00C80A7D /* ConnectionsViewController.swift in Sources */ = {isa = PBXBuildFile; fileRef = 30A420B324CD605A00C80A7D /* ConnectionsViewController.swift */; };
		30DACDD224CD0C9600C5110A /* HomeViewController.swift in Sources */ = {isa = PBXBuildFile; fileRef = 30DACDD124CD0C9600C5110A /* HomeViewController.swift */; };
		30DACDD624CD20D200C5110A /* Assets.xcassets in Resources */ = {isa = PBXBuildFile; fileRef = 30DACDD524CD20D200C5110A /* Assets.xcassets */; };
		30DACE4024CFB1530026CC59 /* ProfileEditViewController.swift in Sources */ = {isa = PBXBuildFile; fileRef = 30DACE3F24CFB1530026CC59 /* ProfileEditViewController.swift */; };
		30DB99A624F76EE3004CA418 /* AppleSignInClient.swift in Sources */ = {isa = PBXBuildFile; fileRef = 30DB99A524F76EE3004CA418 /* AppleSignInClient.swift */; };
		30E3A3C124CE8C5000E7D70F /* MenuButtonViewController.swift in Sources */ = {isa = PBXBuildFile; fileRef = 30E3A3C024CE8C5000E7D70F /* MenuButtonViewController.swift */; };
		C4FD41A760215307124A54DE /* Pods_Dualong.framework in Frameworks */ = {isa = PBXBuildFile; fileRef = A6033EAC815C0B23D79C5DB9 /* Pods_Dualong.framework */; };
/* End PBXBuildFile section */

/* Begin PBXCopyFilesBuildPhase section */
		303EF02A24F61A7600DF9CBE /* Embed App Extensions */ = {
			isa = PBXCopyFilesBuildPhase;
			buildActionMask = 2147483647;
			dstPath = "";
			dstSubfolderSpec = 13;
			files = (
			);
			name = "Embed App Extensions";
			runOnlyForDeploymentPostprocessing = 0;
		};
		303EF04F24F61D3300DF9CBE /* Embed Frameworks */ = {
			isa = PBXCopyFilesBuildPhase;
			buildActionMask = 2147483647;
			dstPath = "";
			dstSubfolderSpec = 10;
			files = (
			);
			name = "Embed Frameworks";
			runOnlyForDeploymentPostprocessing = 0;
		};
/* End PBXCopyFilesBuildPhase section */

/* Begin PBXFileReference section */
		3028A75224CF9DC700D49CC5 /* ExploreViewController.swift */ = {isa = PBXFileReference; lastKnownFileType = sourcecode.swift; path = ExploreViewController.swift; sourceTree = "<group>"; };
		3028A75424CF9DE500D49CC5 /* ProfileViewController.swift */ = {isa = PBXFileReference; lastKnownFileType = sourcecode.swift; path = ProfileViewController.swift; sourceTree = "<group>"; };
		3035175224CA4D5800D8AB4A /* TutorPlug.app */ = {isa = PBXFileReference; explicitFileType = wrapper.application; includeInIndex = 0; path = TutorPlug.app; sourceTree = BUILT_PRODUCTS_DIR; };
		3035175524CA4D5800D8AB4A /* AppDelegate.swift */ = {isa = PBXFileReference; lastKnownFileType = sourcecode.swift; path = AppDelegate.swift; sourceTree = "<group>"; };
		3035175724CA4D5800D8AB4A /* SceneDelegate.swift */ = {isa = PBXFileReference; lastKnownFileType = sourcecode.swift; path = SceneDelegate.swift; sourceTree = "<group>"; };
		3035175924CA4D5800D8AB4A /* MainViewController.swift */ = {isa = PBXFileReference; lastKnownFileType = sourcecode.swift; path = MainViewController.swift; sourceTree = "<group>"; };
		3035175C24CA4D5800D8AB4A /* Base */ = {isa = PBXFileReference; lastKnownFileType = file.storyboard; name = Base; path = Base.lproj/Main.storyboard; sourceTree = "<group>"; };
		3035176124CA4D5900D8AB4A /* Base */ = {isa = PBXFileReference; lastKnownFileType = file.storyboard; name = Base; path = Base.lproj/LaunchScreen.storyboard; sourceTree = "<group>"; };
		3035176324CA4D5900D8AB4A /* Info.plist */ = {isa = PBXFileReference; lastKnownFileType = text.plist.xml; path = Info.plist; sourceTree = "<group>"; };
		3035176924CA694C00D8AB4A /* GoogleService-Info.plist */ = {isa = PBXFileReference; fileEncoding = 4; lastKnownFileType = text.plist.xml; path = "GoogleService-Info.plist"; sourceTree = "<group>"; };
		303EF01A24F5B92600DF9CBE /* TutorPlug.entitlements */ = {isa = PBXFileReference; lastKnownFileType = text.plist.entitlements; path = TutorPlug.entitlements; sourceTree = "<group>"; };
		30403C6424CBF78900E089E9 /* SetupViewController.swift */ = {isa = PBXFileReference; lastKnownFileType = sourcecode.swift; path = SetupViewController.swift; sourceTree = "<group>"; };
		305B9E1224CD694A00036E09 /* MenuViewController.swift */ = {isa = PBXFileReference; lastKnownFileType = sourcecode.swift; path = MenuViewController.swift; sourceTree = "<group>"; };
		30A420B324CD605A00C80A7D /* ConnectionsViewController.swift */ = {isa = PBXFileReference; lastKnownFileType = sourcecode.swift; path = ConnectionsViewController.swift; sourceTree = "<group>"; };
		30DACDD124CD0C9600C5110A /* HomeViewController.swift */ = {isa = PBXFileReference; lastKnownFileType = sourcecode.swift; path = HomeViewController.swift; sourceTree = "<group>"; };
		30DACDD524CD20D200C5110A /* Assets.xcassets */ = {isa = PBXFileReference; lastKnownFileType = folder.assetcatalog; path = Assets.xcassets; sourceTree = "<group>"; };
		30DACE3F24CFB1530026CC59 /* ProfileEditViewController.swift */ = {isa = PBXFileReference; lastKnownFileType = sourcecode.swift; path = ProfileEditViewController.swift; sourceTree = "<group>"; };
		30DB99A524F76EE3004CA418 /* AppleSignInClient.swift */ = {isa = PBXFileReference; lastKnownFileType = sourcecode.swift; path = AppleSignInClient.swift; sourceTree = "<group>"; };
		30E3A3C024CE8C5000E7D70F /* MenuButtonViewController.swift */ = {isa = PBXFileReference; lastKnownFileType = sourcecode.swift; path = MenuButtonViewController.swift; sourceTree = "<group>"; };
		6641D83174FFF087EBD8BE03 /* Pods-Dualong.debug.xcconfig */ = {isa = PBXFileReference; includeInIndex = 1; lastKnownFileType = text.xcconfig; name = "Pods-Dualong.debug.xcconfig"; path = "Target Support Files/Pods-Dualong/Pods-Dualong.debug.xcconfig"; sourceTree = "<group>"; };
		A6033EAC815C0B23D79C5DB9 /* Pods_Dualong.framework */ = {isa = PBXFileReference; explicitFileType = wrapper.framework; includeInIndex = 0; path = Pods_Dualong.framework; sourceTree = BUILT_PRODUCTS_DIR; };
		F8DD49A5C5CC17786DD990BB /* Pods-Dualong.release.xcconfig */ = {isa = PBXFileReference; includeInIndex = 1; lastKnownFileType = text.xcconfig; name = "Pods-Dualong.release.xcconfig"; path = "Target Support Files/Pods-Dualong/Pods-Dualong.release.xcconfig"; sourceTree = "<group>"; };
/* End PBXFileReference section */

/* Begin PBXFrameworksBuildPhase section */
		3035174F24CA4D5800D8AB4A /* Frameworks */ = {
			isa = PBXFrameworksBuildPhase;
			buildActionMask = 2147483647;
			files = (
				C4FD41A760215307124A54DE /* Pods_Dualong.framework in Frameworks */,
			);
			runOnlyForDeploymentPostprocessing = 0;
		};
/* End PBXFrameworksBuildPhase section */

/* Begin PBXGroup section */
		218DF810A0DA4E93116C0C55 /* Frameworks */ = {
			isa = PBXGroup;
			children = (
				A6033EAC815C0B23D79C5DB9 /* Pods_Dualong.framework */,
			);
			name = Frameworks;
			sourceTree = "<group>";
		};
		3014FCA524CB86C100174F73 /* SupportFiles */ = {
			isa = PBXGroup;
			children = (
				3035176324CA4D5900D8AB4A /* Info.plist */,
				3035176924CA694C00D8AB4A /* GoogleService-Info.plist */,
			);
			path = SupportFiles;
			sourceTree = "<group>";
		};
		3035174924CA4D5800D8AB4A = {
			isa = PBXGroup;
			children = (
				3035175424CA4D5800D8AB4A /* Dualong */,
				3035175324CA4D5800D8AB4A /* Products */,
				A1C244449DC3270E17FBA9EE /* Pods */,
				218DF810A0DA4E93116C0C55 /* Frameworks */,
			);
			sourceTree = "<group>";
		};
		3035175324CA4D5800D8AB4A /* Products */ = {
			isa = PBXGroup;
			children = (
				3035175224CA4D5800D8AB4A /* TutorPlug.app */,
			);
			name = Products;
			sourceTree = "<group>";
		};
		3035175424CA4D5800D8AB4A /* Dualong */ = {
			isa = PBXGroup;
			children = (
				303EF01A24F5B92600DF9CBE /* TutorPlug.entitlements */,
				3014FCA524CB86C100174F73 /* SupportFiles */,
				3035175524CA4D5800D8AB4A /* AppDelegate.swift */,
				3035175724CA4D5800D8AB4A /* SceneDelegate.swift */,
				3035175B24CA4D5800D8AB4A /* Main.storyboard */,
				30DACDD524CD20D200C5110A /* Assets.xcassets */,
				3035176024CA4D5900D8AB4A /* LaunchScreen.storyboard */,
				3035175924CA4D5800D8AB4A /* MainViewController.swift */,
				30DB99A524F76EE3004CA418 /* AppleSignInClient.swift */,
				30403C6424CBF78900E089E9 /* SetupViewController.swift */,
				30DACDD124CD0C9600C5110A /* HomeViewController.swift */,
				305B9E1224CD694A00036E09 /* MenuViewController.swift */,
				30E3A3C024CE8C5000E7D70F /* MenuButtonViewController.swift */,
				30A420B324CD605A00C80A7D /* ConnectionsViewController.swift */,
				3028A75224CF9DC700D49CC5 /* ExploreViewController.swift */,
				3028A75424CF9DE500D49CC5 /* ProfileViewController.swift */,
				30DACE3F24CFB1530026CC59 /* ProfileEditViewController.swift */,
			);
			path = Dualong;
			sourceTree = "<group>";
		};
		A1C244449DC3270E17FBA9EE /* Pods */ = {
			isa = PBXGroup;
			children = (
				6641D83174FFF087EBD8BE03 /* Pods-Dualong.debug.xcconfig */,
				F8DD49A5C5CC17786DD990BB /* Pods-Dualong.release.xcconfig */,
			);
			path = Pods;
			sourceTree = "<group>";
		};
/* End PBXGroup section */

/* Begin PBXNativeTarget section */
		3035175124CA4D5800D8AB4A /* Dualong */ = {
			isa = PBXNativeTarget;
			buildConfigurationList = 3035176624CA4D5900D8AB4A /* Build configuration list for PBXNativeTarget "Dualong" */;
			buildPhases = (
				36DDBEFCB30EC77BE6DDEC43 /* [CP] Check Pods Manifest.lock */,
				3035174E24CA4D5800D8AB4A /* Sources */,
				3035174F24CA4D5800D8AB4A /* Frameworks */,
				3035175024CA4D5800D8AB4A /* Resources */,
				3D49ACE743B8D17455E445B6 /* [CP] Embed Pods Frameworks */,
				FC2BED1FE3D47F1A15BCA303 /* [CP] Copy Pods Resources */,
				303EF02A24F61A7600DF9CBE /* Embed App Extensions */,
				303EF04F24F61D3300DF9CBE /* Embed Frameworks */,
			);
			buildRules = (
			);
			dependencies = (
			);
			name = Dualong;
			productName = Dualong;
			productReference = 3035175224CA4D5800D8AB4A /* TutorPlug.app */;
			productType = "com.apple.product-type.application";
		};
/* End PBXNativeTarget section */

/* Begin PBXProject section */
		3035174A24CA4D5800D8AB4A /* Project object */ = {
			isa = PBXProject;
			attributes = {
				LastSwiftUpdateCheck = 1160;
				LastUpgradeCheck = 1160;
				ORGANIZATIONNAME = "NiMBLe Interactive";
				TargetAttributes = {
					3035175124CA4D5800D8AB4A = {
						CreatedOnToolsVersion = 11.6;
					};
				};
			};
			buildConfigurationList = 3035174D24CA4D5800D8AB4A /* Build configuration list for PBXProject "Dualong" */;
			compatibilityVersion = "Xcode 9.3";
			developmentRegion = en;
			hasScannedForEncodings = 0;
			knownRegions = (
				en,
				Base,
			);
			mainGroup = 3035174924CA4D5800D8AB4A;
			productRefGroup = 3035175324CA4D5800D8AB4A /* Products */;
			projectDirPath = "";
			projectRoot = "";
			targets = (
				3035175124CA4D5800D8AB4A /* Dualong */,
			);
		};
/* End PBXProject section */

/* Begin PBXResourcesBuildPhase section */
		3035175024CA4D5800D8AB4A /* Resources */ = {
			isa = PBXResourcesBuildPhase;
			buildActionMask = 2147483647;
			files = (
				3035176224CA4D5900D8AB4A /* LaunchScreen.storyboard in Resources */,
				3035176A24CA694C00D8AB4A /* GoogleService-Info.plist in Resources */,
				30DACDD624CD20D200C5110A /* Assets.xcassets in Resources */,
				3035175D24CA4D5800D8AB4A /* Main.storyboard in Resources */,
			);
			runOnlyForDeploymentPostprocessing = 0;
		};
/* End PBXResourcesBuildPhase section */

/* Begin PBXShellScriptBuildPhase section */
		36DDBEFCB30EC77BE6DDEC43 /* [CP] Check Pods Manifest.lock */ = {
			isa = PBXShellScriptBuildPhase;
			buildActionMask = 2147483647;
			files = (
			);
			inputFileListPaths = (
			);
			inputPaths = (
				"${PODS_PODFILE_DIR_PATH}/Podfile.lock",
				"${PODS_ROOT}/Manifest.lock",
			);
			name = "[CP] Check Pods Manifest.lock";
			outputFileListPaths = (
			);
			outputPaths = (
				"$(DERIVED_FILE_DIR)/Pods-Dualong-checkManifestLockResult.txt",
			);
			runOnlyForDeploymentPostprocessing = 0;
			shellPath = /bin/sh;
			shellScript = "diff \"${PODS_PODFILE_DIR_PATH}/Podfile.lock\" \"${PODS_ROOT}/Manifest.lock\" > /dev/null\nif [ $? != 0 ] ; then\n    # print error to STDERR\n    echo \"error: The sandbox is not in sync with the Podfile.lock. Run 'pod install' or update your CocoaPods installation.\" >&2\n    exit 1\nfi\n# This output is used by Xcode 'outputs' to avoid re-running this script phase.\necho \"SUCCESS\" > \"${SCRIPT_OUTPUT_FILE_0}\"\n";
			showEnvVarsInLog = 0;
		};
		3D49ACE743B8D17455E445B6 /* [CP] Embed Pods Frameworks */ = {
			isa = PBXShellScriptBuildPhase;
			buildActionMask = 2147483647;
			files = (
			);
			inputFileListPaths = (
				"${PODS_ROOT}/Target Support Files/Pods-Dualong/Pods-Dualong-frameworks-${CONFIGURATION}-input-files.xcfilelist",
			);
			name = "[CP] Embed Pods Frameworks";
			outputFileListPaths = (
				"${PODS_ROOT}/Target Support Files/Pods-Dualong/Pods-Dualong-frameworks-${CONFIGURATION}-output-files.xcfilelist",
			);
			runOnlyForDeploymentPostprocessing = 0;
			shellPath = /bin/sh;
			shellScript = "\"${PODS_ROOT}/Target Support Files/Pods-Dualong/Pods-Dualong-frameworks.sh\"\n";
			showEnvVarsInLog = 0;
		};
		FC2BED1FE3D47F1A15BCA303 /* [CP] Copy Pods Resources */ = {
			isa = PBXShellScriptBuildPhase;
			buildActionMask = 2147483647;
			files = (
			);
			inputFileListPaths = (
				"${PODS_ROOT}/Target Support Files/Pods-Dualong/Pods-Dualong-resources-${CONFIGURATION}-input-files.xcfilelist",
			);
			name = "[CP] Copy Pods Resources";
			outputFileListPaths = (
				"${PODS_ROOT}/Target Support Files/Pods-Dualong/Pods-Dualong-resources-${CONFIGURATION}-output-files.xcfilelist",
			);
			runOnlyForDeploymentPostprocessing = 0;
			shellPath = /bin/sh;
			shellScript = "\"${PODS_ROOT}/Target Support Files/Pods-Dualong/Pods-Dualong-resources.sh\"\n";
			showEnvVarsInLog = 0;
		};
/* End PBXShellScriptBuildPhase section */

/* Begin PBXSourcesBuildPhase section */
		3035174E24CA4D5800D8AB4A /* Sources */ = {
			isa = PBXSourcesBuildPhase;
			buildActionMask = 2147483647;
			files = (
				30DACDD224CD0C9600C5110A /* HomeViewController.swift in Sources */,
				30E3A3C124CE8C5000E7D70F /* MenuButtonViewController.swift in Sources */,
				3028A75524CF9DE500D49CC5 /* ProfileViewController.swift in Sources */,
				30403C6524CBF78900E089E9 /* SetupViewController.swift in Sources */,
				30A420B424CD605A00C80A7D /* ConnectionsViewController.swift in Sources */,
				305B9E1324CD694A00036E09 /* MenuViewController.swift in Sources */,
				30DB99A624F76EE3004CA418 /* AppleSignInClient.swift in Sources */,
				3028A75324CF9DC700D49CC5 /* ExploreViewController.swift in Sources */,
				3035175A24CA4D5800D8AB4A /* MainViewController.swift in Sources */,
				3035175624CA4D5800D8AB4A /* AppDelegate.swift in Sources */,
				3035175824CA4D5800D8AB4A /* SceneDelegate.swift in Sources */,
				30DACE4024CFB1530026CC59 /* ProfileEditViewController.swift in Sources */,
			);
			runOnlyForDeploymentPostprocessing = 0;
		};
/* End PBXSourcesBuildPhase section */

/* Begin PBXVariantGroup section */
		3035175B24CA4D5800D8AB4A /* Main.storyboard */ = {
			isa = PBXVariantGroup;
			children = (
				3035175C24CA4D5800D8AB4A /* Base */,
			);
			name = Main.storyboard;
			sourceTree = "<group>";
		};
		3035176024CA4D5900D8AB4A /* LaunchScreen.storyboard */ = {
			isa = PBXVariantGroup;
			children = (
				3035176124CA4D5900D8AB4A /* Base */,
			);
			name = LaunchScreen.storyboard;
			sourceTree = "<group>";
		};
/* End PBXVariantGroup section */

/* Begin XCBuildConfiguration section */
		3035176424CA4D5900D8AB4A /* Debug */ = {
			isa = XCBuildConfiguration;
			buildSettings = {
				ALWAYS_SEARCH_USER_PATHS = NO;
				CLANG_ANALYZER_NONNULL = YES;
				CLANG_ANALYZER_NUMBER_OBJECT_CONVERSION = YES_AGGRESSIVE;
				CLANG_CXX_LANGUAGE_STANDARD = "gnu++14";
				CLANG_CXX_LIBRARY = "libc++";
				CLANG_ENABLE_MODULES = YES;
				CLANG_ENABLE_OBJC_ARC = YES;
				CLANG_ENABLE_OBJC_WEAK = YES;
				CLANG_WARN_BLOCK_CAPTURE_AUTORELEASING = YES;
				CLANG_WARN_BOOL_CONVERSION = YES;
				CLANG_WARN_COMMA = YES;
				CLANG_WARN_CONSTANT_CONVERSION = YES;
				CLANG_WARN_DEPRECATED_OBJC_IMPLEMENTATIONS = YES;
				CLANG_WARN_DIRECT_OBJC_ISA_USAGE = YES_ERROR;
				CLANG_WARN_DOCUMENTATION_COMMENTS = YES;
				CLANG_WARN_EMPTY_BODY = YES;
				CLANG_WARN_ENUM_CONVERSION = YES;
				CLANG_WARN_INFINITE_RECURSION = YES;
				CLANG_WARN_INT_CONVERSION = YES;
				CLANG_WARN_NON_LITERAL_NULL_CONVERSION = YES;
				CLANG_WARN_OBJC_IMPLICIT_RETAIN_SELF = YES;
				CLANG_WARN_OBJC_LITERAL_CONVERSION = YES;
				CLANG_WARN_OBJC_ROOT_CLASS = YES_ERROR;
				CLANG_WARN_RANGE_LOOP_ANALYSIS = YES;
				CLANG_WARN_STRICT_PROTOTYPES = YES;
				CLANG_WARN_SUSPICIOUS_MOVE = YES;
				CLANG_WARN_UNGUARDED_AVAILABILITY = YES_AGGRESSIVE;
				CLANG_WARN_UNREACHABLE_CODE = YES;
				CLANG_WARN__DUPLICATE_METHOD_MATCH = YES;
				COPY_PHASE_STRIP = NO;
				DEBUG_INFORMATION_FORMAT = dwarf;
				ENABLE_STRICT_OBJC_MSGSEND = YES;
				ENABLE_TESTABILITY = YES;
				FRAMEWORK_SEARCH_PATHS = "$(inherited)";
				GCC_C_LANGUAGE_STANDARD = gnu11;
				GCC_DYNAMIC_NO_PIC = NO;
				GCC_NO_COMMON_BLOCKS = YES;
				GCC_OPTIMIZATION_LEVEL = 0;
				GCC_PREPROCESSOR_DEFINITIONS = (
					"DEBUG=1",
					"$(inherited)",
				);
				GCC_WARN_64_TO_32_BIT_CONVERSION = YES;
				GCC_WARN_ABOUT_RETURN_TYPE = YES_ERROR;
				GCC_WARN_UNDECLARED_SELECTOR = YES;
				GCC_WARN_UNINITIALIZED_AUTOS = YES_AGGRESSIVE;
				GCC_WARN_UNUSED_FUNCTION = YES;
				GCC_WARN_UNUSED_VARIABLE = YES;
				IPHONEOS_DEPLOYMENT_TARGET = 13.1;
				MTL_ENABLE_DEBUG_INFO = INCLUDE_SOURCE;
				MTL_FAST_MATH = YES;
				ONLY_ACTIVE_ARCH = YES;
				SDKROOT = iphoneos;
				SWIFT_ACTIVE_COMPILATION_CONDITIONS = DEBUG;
				SWIFT_OPTIMIZATION_LEVEL = "-Onone";
			};
			name = Debug;
		};
		3035176524CA4D5900D8AB4A /* Release */ = {
			isa = XCBuildConfiguration;
			buildSettings = {
				ALWAYS_SEARCH_USER_PATHS = NO;
				CLANG_ANALYZER_NONNULL = YES;
				CLANG_ANALYZER_NUMBER_OBJECT_CONVERSION = YES_AGGRESSIVE;
				CLANG_CXX_LANGUAGE_STANDARD = "gnu++14";
				CLANG_CXX_LIBRARY = "libc++";
				CLANG_ENABLE_MODULES = YES;
				CLANG_ENABLE_OBJC_ARC = YES;
				CLANG_ENABLE_OBJC_WEAK = YES;
				CLANG_WARN_BLOCK_CAPTURE_AUTORELEASING = YES;
				CLANG_WARN_BOOL_CONVERSION = YES;
				CLANG_WARN_COMMA = YES;
				CLANG_WARN_CONSTANT_CONVERSION = YES;
				CLANG_WARN_DEPRECATED_OBJC_IMPLEMENTATIONS = YES;
				CLANG_WARN_DIRECT_OBJC_ISA_USAGE = YES_ERROR;
				CLANG_WARN_DOCUMENTATION_COMMENTS = YES;
				CLANG_WARN_EMPTY_BODY = YES;
				CLANG_WARN_ENUM_CONVERSION = YES;
				CLANG_WARN_INFINITE_RECURSION = YES;
				CLANG_WARN_INT_CONVERSION = YES;
				CLANG_WARN_NON_LITERAL_NULL_CONVERSION = YES;
				CLANG_WARN_OBJC_IMPLICIT_RETAIN_SELF = YES;
				CLANG_WARN_OBJC_LITERAL_CONVERSION = YES;
				CLANG_WARN_OBJC_ROOT_CLASS = YES_ERROR;
				CLANG_WARN_RANGE_LOOP_ANALYSIS = YES;
				CLANG_WARN_STRICT_PROTOTYPES = YES;
				CLANG_WARN_SUSPICIOUS_MOVE = YES;
				CLANG_WARN_UNGUARDED_AVAILABILITY = YES_AGGRESSIVE;
				CLANG_WARN_UNREACHABLE_CODE = YES;
				CLANG_WARN__DUPLICATE_METHOD_MATCH = YES;
				COPY_PHASE_STRIP = NO;
				DEBUG_INFORMATION_FORMAT = "dwarf-with-dsym";
				ENABLE_NS_ASSERTIONS = NO;
				ENABLE_STRICT_OBJC_MSGSEND = YES;
				FRAMEWORK_SEARCH_PATHS = "$(inherited)";
				GCC_C_LANGUAGE_STANDARD = gnu11;
				GCC_NO_COMMON_BLOCKS = YES;
				GCC_WARN_64_TO_32_BIT_CONVERSION = YES;
				GCC_WARN_ABOUT_RETURN_TYPE = YES_ERROR;
				GCC_WARN_UNDECLARED_SELECTOR = YES;
				GCC_WARN_UNINITIALIZED_AUTOS = YES_AGGRESSIVE;
				GCC_WARN_UNUSED_FUNCTION = YES;
				GCC_WARN_UNUSED_VARIABLE = YES;
				IPHONEOS_DEPLOYMENT_TARGET = 13.1;
				MTL_ENABLE_DEBUG_INFO = NO;
				MTL_FAST_MATH = YES;
				SDKROOT = iphoneos;
				SWIFT_COMPILATION_MODE = wholemodule;
				SWIFT_OPTIMIZATION_LEVEL = "-O";
				VALIDATE_PRODUCT = YES;
			};
			name = Release;
		};
		3035176724CA4D5900D8AB4A /* Debug */ = {
			isa = XCBuildConfiguration;
			baseConfigurationReference = 6641D83174FFF087EBD8BE03 /* Pods-Dualong.debug.xcconfig */;
			buildSettings = {
				ASSETCATALOG_COMPILER_APPICON_NAME = AppIcon;
				CODE_SIGN_ENTITLEMENTS = Dualong/TutorPlug.entitlements;
				CODE_SIGN_STYLE = Automatic;
				CURRENT_PROJECT_VERSION = 4;
				DEVELOPMENT_TEAM = 8P3886N27L;
				FRAMEWORK_SEARCH_PATHS = (
					"$(inherited)",
					"\"${PODS_CONFIGURATION_BUILD_DIR}/AppAuth\"",
					"\"${PODS_CONFIGURATION_BUILD_DIR}/FirebaseAuth\"",
					"\"${PODS_CONFIGURATION_BUILD_DIR}/FirebaseCore\"",
					"\"${PODS_CONFIGURATION_BUILD_DIR}/FirebaseCoreDiagnostics\"",
					"\"${PODS_CONFIGURATION_BUILD_DIR}/FirebaseDatabase\"",
					"\"${PODS_CONFIGURATION_BUILD_DIR}/FirebaseInstallations\"",
					"\"${PODS_CONFIGURATION_BUILD_DIR}/GTMAppAuth\"",
					"\"${PODS_CONFIGURATION_BUILD_DIR}/GTMSessionFetcher\"",
					"\"${PODS_CONFIGURATION_BUILD_DIR}/GoogleDataTransport\"",
					"\"${PODS_CONFIGURATION_BUILD_DIR}/GoogleUtilities\"",
					"\"${PODS_CONFIGURATION_BUILD_DIR}/PromisesObjC\"",
					"\"${PODS_CONFIGURATION_BUILD_DIR}/leveldb-library\"",
					"\"${PODS_CONFIGURATION_BUILD_DIR}/nanopb\"",
					"\"${PODS_ROOT}/FirebaseAnalytics/Frameworks\"",
					"\"$(PODS_ROOT)/GoogleSignIn/Frameworks\"",
				);
				HEADER_SEARCH_PATHS = (
					"$(inherited)",
					"\"${PODS_CONFIGURATION_BUILD_DIR}/AppAuth/AppAuth.framework/Headers\"",
					"\"${PODS_CONFIGURATION_BUILD_DIR}/FirebaseAuth/FirebaseAuth.framework/Headers\"",
					"\"${PODS_CONFIGURATION_BUILD_DIR}/FirebaseCore/FirebaseCore.framework/Headers\"",
					"\"${PODS_CONFIGURATION_BUILD_DIR}/FirebaseCoreDiagnostics/FirebaseCoreDiagnostics.framework/Headers\"",
					"\"${PODS_CONFIGURATION_BUILD_DIR}/FirebaseDatabase/FirebaseDatabase.framework/Headers\"",
					"\"${PODS_CONFIGURATION_BUILD_DIR}/FirebaseInstallations/FirebaseInstallations.framework/Headers\"",
					"\"${PODS_CONFIGURATION_BUILD_DIR}/GTMAppAuth/GTMAppAuth.framework/Headers\"",
					"\"${PODS_CONFIGURATION_BUILD_DIR}/GTMSessionFetcher/GTMSessionFetcher.framework/Headers\"",
					"\"${PODS_CONFIGURATION_BUILD_DIR}/GoogleDataTransport/GoogleDataTransport.framework/Headers\"",
					"\"${PODS_CONFIGURATION_BUILD_DIR}/GoogleUtilities/GoogleUtilities.framework/Headers\"",
					"\"${PODS_CONFIGURATION_BUILD_DIR}/PromisesObjC/FBLPromises.framework/Headers\"",
					"\"${PODS_CONFIGURATION_BUILD_DIR}/leveldb-library/leveldb.framework/Headers\"",
					"\"${PODS_CONFIGURATION_BUILD_DIR}/nanopb/nanopb.framework/Headers\"",
					"\"${PODS_ROOT}/Headers/Public\"",
					"\"${PODS_ROOT}/Headers/Public/Firebase\"",
					"$(inherited)",
					"${PODS_ROOT}/Firebase/CoreOnly/Sources",
					"\"${PODS_TARGET_SRCROOT}/Sources/FBLPromises/include\"",
				);
				INFOPLIST_FILE = Dualong/Info.plist;
				IPHONEOS_DEPLOYMENT_TARGET = 13.0;
				LD_RUNPATH_SEARCH_PATHS = (
					"$(inherited)",
					"@executable_path/Frameworks",
				);
				MARKETING_VERSION = 1.04;
				PRODUCT_BUNDLE_IDENTIFIER = com.NiMBLeInteractive.Dualong;
				PRODUCT_NAME = TutorPlug;
				SWIFT_VERSION = 5.0;
				TARGETED_DEVICE_FAMILY = "1,2";
			};
			name = Debug;
		};
		3035176824CA4D5900D8AB4A /* Release */ = {
			isa = XCBuildConfiguration;
			baseConfigurationReference = F8DD49A5C5CC17786DD990BB /* Pods-Dualong.release.xcconfig */;
			buildSettings = {
				ASSETCATALOG_COMPILER_APPICON_NAME = AppIcon;
				CODE_SIGN_ENTITLEMENTS = Dualong/TutorPlug.entitlements;
				CODE_SIGN_STYLE = Automatic;
				CURRENT_PROJECT_VERSION = 4;
				DEVELOPMENT_TEAM = 8P3886N27L;
				FRAMEWORK_SEARCH_PATHS = (
					"$(inherited)",
					"\"${PODS_CONFIGURATION_BUILD_DIR}/AppAuth\"",
					"\"${PODS_CONFIGURATION_BUILD_DIR}/FirebaseAuth\"",
					"\"${PODS_CONFIGURATION_BUILD_DIR}/FirebaseCore\"",
					"\"${PODS_CONFIGURATION_BUILD_DIR}/FirebaseCoreDiagnostics\"",
					"\"${PODS_CONFIGURATION_BUILD_DIR}/FirebaseDatabase\"",
					"\"${PODS_CONFIGURATION_BUILD_DIR}/FirebaseInstallations\"",
					"\"${PODS_CONFIGURATION_BUILD_DIR}/GTMAppAuth\"",
					"\"${PODS_CONFIGURATION_BUILD_DIR}/GTMSessionFetcher\"",
					"\"${PODS_CONFIGURATION_BUILD_DIR}/GoogleDataTransport\"",
					"\"${PODS_CONFIGURATION_BUILD_DIR}/GoogleUtilities\"",
					"\"${PODS_CONFIGURATION_BUILD_DIR}/PromisesObjC\"",
					"\"${PODS_CONFIGURATION_BUILD_DIR}/leveldb-library\"",
					"\"${PODS_CONFIGURATION_BUILD_DIR}/nanopb\"",
					"\"${PODS_ROOT}/FirebaseAnalytics/Frameworks\"",
					"\"$(PODS_ROOT)/GoogleSignIn/Frameworks\"",
				);
				HEADER_SEARCH_PATHS = (
					"$(inherited)",
					"\"${PODS_CONFIGURATION_BUILD_DIR}/AppAuth/AppAuth.framework/Headers\"",
					"\"${PODS_CONFIGURATION_BUILD_DIR}/FirebaseAuth/FirebaseAuth.framework/Headers\"",
					"\"${PODS_CONFIGURATION_BUILD_DIR}/FirebaseCore/FirebaseCore.framework/Headers\"",
					"\"${PODS_CONFIGURATION_BUILD_DIR}/FirebaseCoreDiagnostics/FirebaseCoreDiagnostics.framework/Headers\"",
					"\"${PODS_CONFIGURATION_BUILD_DIR}/FirebaseDatabase/FirebaseDatabase.framework/Headers\"",
					"\"${PODS_CONFIGURATION_BUILD_DIR}/FirebaseInstallations/FirebaseInstallations.framework/Headers\"",
					"\"${PODS_CONFIGURATION_BUILD_DIR}/GTMAppAuth/GTMAppAuth.framework/Headers\"",
					"\"${PODS_CONFIGURATION_BUILD_DIR}/GTMSessionFetcher/GTMSessionFetcher.framework/Headers\"",
					"\"${PODS_CONFIGURATION_BUILD_DIR}/GoogleDataTransport/GoogleDataTransport.framework/Headers\"",
					"\"${PODS_CONFIGURATION_BUILD_DIR}/GoogleUtilities/GoogleUtilities.framework/Headers\"",
					"\"${PODS_CONFIGURATION_BUILD_DIR}/PromisesObjC/FBLPromises.framework/Headers\"",
					"\"${PODS_CONFIGURATION_BUILD_DIR}/leveldb-library/leveldb.framework/Headers\"",
					"\"${PODS_CONFIGURATION_BUILD_DIR}/nanopb/nanopb.framework/Headers\"",
					"\"${PODS_ROOT}/Headers/Public\"",
					"\"${PODS_ROOT}/Headers/Public/Firebase\"",
					"$(inherited)",
					"${PODS_ROOT}/Firebase/CoreOnly/Sources",
					"\"${PODS_TARGET_SRCROOT}/Sources/FBLPromises/include\"",
				);
				INFOPLIST_FILE = Dualong/Info.plist;
				IPHONEOS_DEPLOYMENT_TARGET = 13.0;
				LD_RUNPATH_SEARCH_PATHS = (
					"$(inherited)",
					"@executable_path/Frameworks",
				);
				MARKETING_VERSION = 1.04;
				PRODUCT_BUNDLE_IDENTIFIER = com.NiMBLeInteractive.Dualong;
				PRODUCT_NAME = TutorPlug;
				SWIFT_VERSION = 5.0;
				TARGETED_DEVICE_FAMILY = "1,2";
			};
			name = Release;
		};
/* End XCBuildConfiguration section */

/* Begin XCConfigurationList section */
		3035174D24CA4D5800D8AB4A /* Build configuration list for PBXProject "Dualong" */ = {
			isa = XCConfigurationList;
			buildConfigurations = (
				3035176424CA4D5900D8AB4A /* Debug */,
				3035176524CA4D5900D8AB4A /* Release */,
			);
			defaultConfigurationIsVisible = 0;
			defaultConfigurationName = Release;
		};
		3035176624CA4D5900D8AB4A /* Build configuration list for PBXNativeTarget "Dualong" */ = {
			isa = XCConfigurationList;
			buildConfigurations = (
				3035176724CA4D5900D8AB4A /* Debug */,
				3035176824CA4D5900D8AB4A /* Release */,
			);
			defaultConfigurationIsVisible = 0;
			defaultConfigurationName = Release;
		};
/* End XCConfigurationList section */
	};
	rootObject = 3035174A24CA4D5800D8AB4A /* Project object */;
}
